
Microsoft Visual Studio Solution File, Format Version 12.00
# Visual Studio 14
VisualStudioVersion = 14.0.25123.0
MinimumVisualStudioVersion = 10.0.40219.1
Project("{FAE04EC0-301F-11D3-BF4B-00C04F79EFBC}") = "TestStand1.0", "TestStand1.0\TestStand1.0.csproj", "{944B3CEA-BB9D-4B90-BD7B-6F8856319F2C}"
EndProject
Project("{FAE04EC0-301F-11D3-BF4B-00C04F79EFBC}") = "MTSP", "..\MTSP\MTSP\MTSP.csproj", "{53549048-A354-481D-8EC0-3AD39BA8B59F}"
EndProject
Project("{FAE04EC0-301F-11D3-BF4B-00C04F79EFBC}") = "Skunk", "..\Skunk\Skunk\Skunk.csproj", "{0EAD2168-82B5-4235-9AA4-708C7DF3E499}"
EndProject
Project("{FAE04EC0-301F-11D3-BF4B-00C04F79EFBC}") = "ExcelLib", "..\ExcelLib\ExcelLib\ExcelLib.csproj", "{608413BD-0363-467D-9C7B-9CD66D4306CD}"
EndProject
Global
	GlobalSection(SolutionConfigurationPlatforms) = preSolution
		Debug|Any CPU = Debug|Any CPU
		Release|Any CPU = Release|Any CPU
	EndGlobalSection
	GlobalSection(ProjectConfigurationPlatforms) = postSolution
		{944B3CEA-BB9D-4B90-BD7B-6F8856319F2C}.Debug|Any CPU.ActiveCfg = Debug|Any CPU
		{944B3CEA-BB9D-4B90-BD7B-6F8856319F2C}.Debug|Any CPU.Build.0 = Debug|Any CPU
		{944B3CEA-BB9D-4B90-BD7B-6F8856319F2C}.Release|Any CPU.ActiveCfg = Release|Any CPU
		{944B3CEA-BB9D-4B90-BD7B-6F8856319F2C}.Release|Any CPU.Build.0 = Release|Any CPU
		{53549048-A354-481D-8EC0-3AD39BA8B59F}.Debug|Any CPU.ActiveCfg = Debug|Any CPU
		{53549048-A354-481D-8EC0-3AD39BA8B59F}.Debug|Any CPU.Build.0 = Debug|Any CPU
		{53549048-A354-481D-8EC0-3AD39BA8B59F}.Release|Any CPU.ActiveCfg = Release|Any CPU
		{53549048-A354-481D-8EC0-3AD39BA8B59F}.Release|Any CPU.Build.0 = Release|Any CPU
		{0EAD2168-82B5-4235-9AA4-708C7DF3E499}.Debug|Any CPU.ActiveCfg = Debug|Any CPU
		{0EAD2168-82B5-4235-9AA4-708C7DF3E499}.Debug|Any CPU.Build.0 = Debug|Any CPU
		{0EAD2168-82B5-4235-9AA4-708C7DF3E499}.Release|Any CPU.ActiveCfg = Release|Any CPU
		{0EAD2168-82B5-4235-9AA4-708C7DF3E499}.Release|Any CPU.Build.0 = Release|Any CPU
		{608413BD-0363-467D-9C7B-9CD66D4306CD}.Debug|Any CPU.ActiveCfg = Debug|Any CPU
		{608413BD-0363-467D-9C7B-9CD66D4306CD}.Debug|Any CPU.Build.0 = Debug|Any CPU
		{608413BD-0363-467D-9C7B-9CD66D4306CD}.Release|Any CPU.ActiveCfg = Release|Any CPU
		{608413BD-0363-467D-9C7B-9CD66D4306CD}.Release|Any CPU.Build.0 = Release|Any CPU
	EndGlobalSection
	GlobalSection(SolutionProperties) = preSolution
		HideSolutionNode = FALSE
	EndGlobalSection
EndGlobal
